{
  "name": "html.mail.hello-teacher",
  "version": "1.0.0",
  "lockfileVersion": 1,
  "requires": true,
  "dependencies": {
    "blackboard-send-mail": {
      "version": "1.0.7",
      "resolved": "https://registry.npmjs.org/blackboard-send-mail/-/blackboard-send-mail-1.0.7.tgz",
      "integrity": "sha512-KuMFXYheKmAOZQrjIyyjTR+NygieZhzi3SPfw38QswHLeVYuDQNFj/poJuIkY0WyuxkGXjT/H2oanVIgYbjMww==",
      "requires": {
        "nodemailer": "^6.4.11"
      }
    },
    "nodemailer": {
      "version": "6.4.16",
      "resolved": "https://registry.npmjs.org/nodemailer/-/nodemailer-6.4.16.tgz",
      "integrity": "sha512-68K0LgZ6hmZ7PVmwL78gzNdjpj5viqBdFqKrTtr9bZbJYj6BRj5W6WGkxXrEnUl3Co3CBXi3CZBUlpV/foGnOQ=="
    }
  }
}
